
Microsoft Visual Studio Solution File, Format Version 12.00
# Visual Studio 15
VisualStudioVersion = 15.0.27428.2011
MinimumVisualStudioVersion = 10.0.40219.1
Project("{FAE04EC0-301F-11D3-BF4B-00C04F79EFBC}") = "编译器", "编译器\编译器.csproj", "{5165E82A-295B-42C3-9DBF-00D1E89C62D1}"
EndProject
Global
	GlobalSection(SolutionConfigurationPlatforms) = preSolution
		Debug|Any CPU = Debug|Any CPU
		Release|Any CPU = Release|Any CPU
	EndGlobalSection
	GlobalSection(ProjectConfigurationPlatforms) = postSolution
		{5165E82A-295B-42C3-9DBF-00D1E89C62D1}.Debug|Any CPU.ActiveCfg = Debug|Any CPU
		{5165E82A-295B-42C3-9DBF-00D1E89C62D1}.Debug|Any CPU.Build.0 = Debug|Any CPU
		{5165E82A-295B-42C3-9DBF-00D1E89C62D1}.Release|Any CPU.ActiveCfg = Release|Any CPU
		{5165E82A-295B-42C3-9DBF-00D1E89C62D1}.Release|Any CPU.Build.0 = Release|Any CPU
	EndGlobalSection
	GlobalSection(SolutionProperties) = preSolution
		HideSolutionNode = FALSE
	EndGlobalSection
	GlobalSection(ExtensibilityGlobals) = postSolution
		SolutionGuid = {F4B07ED7-9DEF-4B45-BE7A-4D7FE415F6E1}
	EndGlobalSection
EndGlobal
